// !$*UTF8*$!
{
	archiveVersion = 1;
	classes = {
	};
	objectVersion = 55;
	objects = {

/* Begin PBXBuildFile section */
		AC01408C29B7A92400C16062 /* LogInView.swift in Sources */ = {isa = PBXBuildFile; fileRef = AC01408B29B7A92400C16062 /* LogInView.swift */; };
		FE9EFAD129B267DE0042559B /* airplane_ground_controlApp.swift in Sources */ = {isa = PBXBuildFile; fileRef = FE9EFAD029B267DE0042559B /* airplane_ground_controlApp.swift */; };
		FE9EFAD329B267DE0042559B /* ContentView.swift in Sources */ = {isa = PBXBuildFile; fileRef = FE9EFAD229B267DE0042559B /* ContentView.swift */; };
		FE9EFAD529B267E00042559B /* Assets.xcassets in Resources */ = {isa = PBXBuildFile; fileRef = FE9EFAD429B267E00042559B /* Assets.xcassets */; };
		FE9EFAD829B267E00042559B /* Preview Assets.xcassets in Resources */ = {isa = PBXBuildFile; fileRef = FE9EFAD729B267E00042559B /* Preview Assets.xcassets */; };
		FE9EFAE229B269C30042559B /* MainView.swift in Sources */ = {isa = PBXBuildFile; fileRef = FE9EFAE129B269C30042559B /* MainView.swift */; };
		FEE892AD29BC6FE200F35609 /* EmergencyNotifications.swift in Sources */ = {isa = PBXBuildFile; fileRef = FEE892AC29BC6FE100F35609 /* EmergencyNotifications.swift */; };
		FEE892AF29BC705300F35609 /* NotificationCard.swift in Sources */ = {isa = PBXBuildFile; fileRef = FEE892AE29BC705300F35609 /* NotificationCard.swift */; };
		FEF95C4129B90B020043D100 /* AcceptedMainView.swift in Sources */ = {isa = PBXBuildFile; fileRef = FEF95C4029B90B020043D100 /* AcceptedMainView.swift */; };
/* End PBXBuildFile section */

/* Begin PBXFileReference section */
		AC01408B29B7A92400C16062 /* LogInView.swift */ = {isa = PBXFileReference; lastKnownFileType = sourcecode.swift; path = LogInView.swift; sourceTree = "<group>"; };
		FE9EFACD29B267DE0042559B /* airplane ground control.app */ = {isa = PBXFileReference; explicitFileType = wrapper.application; includeInIndex = 0; path = "airplane ground control.app"; sourceTree = BUILT_PRODUCTS_DIR; };
		FE9EFAD029B267DE0042559B /* airplane_ground_controlApp.swift */ = {isa = PBXFileReference; lastKnownFileType = sourcecode.swift; path = airplane_ground_controlApp.swift; sourceTree = "<group>"; };
		FE9EFAD229B267DE0042559B /* ContentView.swift */ = {isa = PBXFileReference; lastKnownFileType = sourcecode.swift; path = ContentView.swift; sourceTree = "<group>"; };
		FE9EFAD429B267E00042559B /* Assets.xcassets */ = {isa = PBXFileReference; lastKnownFileType = folder.assetcatalog; path = Assets.xcassets; sourceTree = "<group>"; };
		FE9EFAD729B267E00042559B /* Preview Assets.xcassets */ = {isa = PBXFileReference; lastKnownFileType = folder.assetcatalog; path = "Preview Assets.xcassets"; sourceTree = "<group>"; };
		FE9EFAE129B269C30042559B /* MainView.swift */ = {isa = PBXFileReference; lastKnownFileType = sourcecode.swift; path = MainView.swift; sourceTree = "<group>"; };
		FEE892AC29BC6FE100F35609 /* EmergencyNotifications.swift */ = {isa = PBXFileReference; lastKnownFileType = sourcecode.swift; path = EmergencyNotifications.swift; sourceTree = "<group>"; };
		FEE892AE29BC705300F35609 /* NotificationCard.swift */ = {isa = PBXFileReference; lastKnownFileType = sourcecode.swift; path = NotificationCard.swift; sourceTree = "<group>"; };
		FEF95C4029B90B020043D100 /* AcceptedMainView.swift */ = {isa = PBXFileReference; lastKnownFileType = sourcecode.swift; path = AcceptedMainView.swift; sourceTree = "<group>"; };
/* End PBXFileReference section */

/* Begin PBXFrameworksBuildPhase section */
		FE9EFACA29B267DE0042559B /* Frameworks */ = {
			isa = PBXFrameworksBuildPhase;
			buildActionMask = 2147483647;
			files = (
			);
			runOnlyForDeploymentPostprocessing = 0;
		};
/* End PBXFrameworksBuildPhase section */

/* Begin PBXGroup section */
		FE9EFAC429B267DE0042559B = {
			isa = PBXGroup;
			children = (
				FE9EFACF29B267DE0042559B /* airplane ground control */,
				FE9EFACE29B267DE0042559B /* Products */,
			);
			sourceTree = "<group>";
		};
		FE9EFACE29B267DE0042559B /* Products */ = {
			isa = PBXGroup;
			children = (
				FE9EFACD29B267DE0042559B /* airplane ground control.app */,
			);
			name = Products;
			sourceTree = "<group>";
		};
		FE9EFACF29B267DE0042559B /* airplane ground control */ = {
			isa = PBXGroup;
			children = (
				FE9EFAE029B269A00042559B /* Model */,
				FE9EFADF29B269970042559B /* Controller */,
				FE9EFADE29B269660042559B /* Views */,
				FE9EFAD029B267DE0042559B /* airplane_ground_controlApp.swift */,
				FE9EFAD229B267DE0042559B /* ContentView.swift */,
				FE9EFAD429B267E00042559B /* Assets.xcassets */,
				FE9EFAD629B267E00042559B /* Preview Content */,
			);
			path = "airplane ground control";
			sourceTree = "<group>";
		};
		FE9EFAD629B267E00042559B /* Preview Content */ = {
			isa = PBXGroup;
			children = (
				FE9EFAD729B267E00042559B /* Preview Assets.xcassets */,
			);
			path = "Preview Content";
			sourceTree = "<group>";
		};
		FE9EFADE29B269660042559B /* Views */ = {
			isa = PBXGroup;
			children = (
				FEE892AA29BC6FB700F35609 /* SubViews */,
				FE9EFAE129B269C30042559B /* MainView.swift */,
				AC01408B29B7A92400C16062 /* LogInView.swift */,
				FEF95C4029B90B020043D100 /* AcceptedMainView.swift */,
			);
			path = Views;
			sourceTree = "<group>";
		};
		FE9EFADF29B269970042559B /* Controller */ = {
			isa = PBXGroup;
			children = (
			);
			path = Controller;
			sourceTree = "<group>";
		};
		FE9EFAE029B269A00042559B /* Model */ = {
			isa = PBXGroup;
			children = (
			);
			path = Model;
			sourceTree = "<group>";
		};
		FEE892AA29BC6FB700F35609 /* SubViews */ = {
			isa = PBXGroup;
			children = (
				FEE892AB29BC6FCB00F35609 /* AcceptedMainView */,
			);
			path = SubViews;
			sourceTree = "<group>";
		};
		FEE892AB29BC6FCB00F35609 /* AcceptedMainView */ = {
			isa = PBXGroup;
			children = (
				FEE892AC29BC6FE100F35609 /* EmergencyNotifications.swift */,
				FEE892AE29BC705300F35609 /* NotificationCard.swift */,
			);
			path = AcceptedMainView;
			sourceTree = "<group>";
		};
/* End PBXGroup section */

/* Begin PBXNativeTarget section */
		FE9EFACC29B267DE0042559B /* airplane ground control */ = {
			isa = PBXNativeTarget;
			buildConfigurationList = FE9EFADB29B267E00042559B /* Build configuration list for PBXNativeTarget "airplane ground control" */;
			buildPhases = (
				FE9EFAC929B267DE0042559B /* Sources */,
				FE9EFACA29B267DE0042559B /* Frameworks */,
				FE9EFACB29B267DE0042559B /* Resources */,
			);
			buildRules = (
			);
			dependencies = (
			);
			name = "airplane ground control";
			productName = "airplane ground control";
			productReference = FE9EFACD29B267DE0042559B /* airplane ground control.app */;
			productType = "com.apple.product-type.application";
		};
/* End PBXNativeTarget section */

/* Begin PBXProject section */
		FE9EFAC529B267DE0042559B /* Project object */ = {
			isa = PBXProject;
			attributes = {
				BuildIndependentTargetsInParallel = 1;
				LastSwiftUpdateCheck = 1330;
				LastUpgradeCheck = 1330;
				TargetAttributes = {
					FE9EFACC29B267DE0042559B = {
						CreatedOnToolsVersion = 13.3.1;
					};
				};
			};
			buildConfigurationList = FE9EFAC829B267DE0042559B /* Build configuration list for PBXProject "airplane ground control" */;
			compatibilityVersion = "Xcode 13.0";
			developmentRegion = en;
			hasScannedForEncodings = 0;
			knownRegions = (
				en,
				Base,
			);
			mainGroup = FE9EFAC429B267DE0042559B;
			productRefGroup = FE9EFACE29B267DE0042559B /* Products */;
			projectDirPath = "";
			projectRoot = "";
			targets = (
				FE9EFACC29B267DE0042559B /* airplane ground control */,
			);
		};
/* End PBXProject section */

/* Begin PBXResourcesBuildPhase section */
		FE9EFACB29B267DE0042559B /* Resources */ = {
			isa = PBXResourcesBuildPhase;
			buildActionMask = 2147483647;
			files = (
				FE9EFAD829B267E00042559B /* Preview Assets.xcassets in Resources */,
				FE9EFAD529B267E00042559B /* Assets.xcassets in Resources */,
			);
			runOnlyForDeploymentPostprocessing = 0;
		};
/* End PBXResourcesBuildPhase section */

/* Begin PBXSourcesBuildPhase section */
		FE9EFAC929B267DE0042559B /* Sources */ = {
			isa = PBXSourcesBuildPhase;
			buildActionMask = 2147483647;
			files = (
				FEF95C4129B90B020043D100 /* AcceptedMainView.swift in Sources */,
				FE9EFAD329B267DE0042559B /* ContentView.swift in Sources */,
				FEE892AD29BC6FE200F35609 /* EmergencyNotifications.swift in Sources */,
				FE9EFAE229B269C30042559B /* MainView.swift in Sources */,
				FEE892AF29BC705300F35609 /* NotificationCard.swift in Sources */,
				AC01408C29B7A92400C16062 /* LogInView.swift in Sources */,
				FE9EFAD129B267DE0042559B /* airplane_ground_controlApp.swift in Sources */,
			);
			runOnlyForDeploymentPostprocessing = 0;
		};
/* End PBXSourcesBuildPhase section */

/* Begin XCBuildConfiguration section */
		FE9EFAD929B267E00042559B /* Debug */ = {
			isa = XCBuildConfiguration;
			buildSettings = {
				ALWAYS_SEARCH_USER_PATHS = NO;
				CLANG_ANALYZER_NONNULL = YES;
				CLANG_ANALYZER_NUMBER_OBJECT_CONVERSION = YES_AGGRESSIVE;
				CLANG_CXX_LANGUAGE_STANDARD = "gnu++17";
				CLANG_ENABLE_MODULES = YES;
				CLANG_ENABLE_OBJC_ARC = YES;
				CLANG_ENABLE_OBJC_WEAK = YES;
				CLANG_WARN_BLOCK_CAPTURE_AUTORELEASING = YES;
				CLANG_WARN_BOOL_CONVERSION = YES;
				CLANG_WARN_COMMA = YES;
				CLANG_WARN_CONSTANT_CONVERSION = YES;
				CLANG_WARN_DEPRECATED_OBJC_IMPLEMENTATIONS = YES;
				CLANG_WARN_DIRECT_OBJC_ISA_USAGE = YES_ERROR;
				CLANG_WARN_DOCUMENTATION_COMMENTS = YES;
				CLANG_WARN_EMPTY_BODY = YES;
				CLANG_WARN_ENUM_CONVERSION = YES;
				CLANG_WARN_INFINITE_RECURSION = YES;
				CLANG_WARN_INT_CONVERSION = YES;
				CLANG_WARN_NON_LITERAL_NULL_CONVERSION = YES;
				CLANG_WARN_OBJC_IMPLICIT_RETAIN_SELF = YES;
				CLANG_WARN_OBJC_LITERAL_CONVERSION = YES;
				CLANG_WARN_OBJC_ROOT_CLASS = YES_ERROR;
				CLANG_WARN_QUOTED_INCLUDE_IN_FRAMEWORK_HEADER = YES;
				CLANG_WARN_RANGE_LOOP_ANALYSIS = YES;
				CLANG_WARN_STRICT_PROTOTYPES = YES;
				CLANG_WARN_SUSPICIOUS_MOVE = YES;
				CLANG_WARN_UNGUARDED_AVAILABILITY = YES_AGGRESSIVE;
				CLANG_WARN_UNREACHABLE_CODE = YES;
				CLANG_WARN__DUPLICATE_METHOD_MATCH = YES;
				COPY_PHASE_STRIP = NO;
				DEBUG_INFORMATION_FORMAT = dwarf;
				ENABLE_STRICT_OBJC_MSGSEND = YES;
				ENABLE_TESTABILITY = YES;
				GCC_C_LANGUAGE_STANDARD = gnu11;
				GCC_DYNAMIC_NO_PIC = NO;
				GCC_NO_COMMON_BLOCKS = YES;
				GCC_OPTIMIZATION_LEVEL = 0;
				GCC_PREPROCESSOR_DEFINITIONS = (
					"DEBUG=1",
					"$(inherited)",
				);
				GCC_WARN_64_TO_32_BIT_CONVERSION = YES;
				GCC_WARN_ABOUT_RETURN_TYPE = YES_ERROR;
				GCC_WARN_UNDECLARED_SELECTOR = YES;
				GCC_WARN_UNINITIALIZED_AUTOS = YES_AGGRESSIVE;
				GCC_WARN_UNUSED_FUNCTION = YES;
				GCC_WARN_UNUSED_VARIABLE = YES;
				IPHONEOS_DEPLOYMENT_TARGET = 15.4;
				MTL_ENABLE_DEBUG_INFO = INCLUDE_SOURCE;
				MTL_FAST_MATH = YES;
				ONLY_ACTIVE_ARCH = YES;
				SDKROOT = iphoneos;
				SWIFT_ACTIVE_COMPILATION_CONDITIONS = DEBUG;
				SWIFT_OPTIMIZATION_LEVEL = "-Onone";
			};
			name = Debug;
		};
		FE9EFADA29B267E00042559B /* Release */ = {
			isa = XCBuildConfiguration;
			buildSettings = {
				ALWAYS_SEARCH_USER_PATHS = NO;
				CLANG_ANALYZER_NONNULL = YES;
				CLANG_ANALYZER_NUMBER_OBJECT_CONVERSION = YES_AGGRESSIVE;
				CLANG_CXX_LANGUAGE_STANDARD = "gnu++17";
				CLANG_ENABLE_MODULES = YES;
				CLANG_ENABLE_OBJC_ARC = YES;
				CLANG_ENABLE_OBJC_WEAK = YES;
				CLANG_WARN_BLOCK_CAPTURE_AUTORELEASING = YES;
				CLANG_WARN_BOOL_CONVERSION = YES;
				CLANG_WARN_COMMA = YES;
				CLANG_WARN_CONSTANT_CONVERSION = YES;
				CLANG_WARN_DEPRECATED_OBJC_IMPLEMENTATIONS = YES;
				CLANG_WARN_DIRECT_OBJC_ISA_USAGE = YES_ERROR;
				CLANG_WARN_DOCUMENTATION_COMMENTS = YES;
				CLANG_WARN_EMPTY_BODY = YES;
				CLANG_WARN_ENUM_CONVERSION = YES;
				CLANG_WARN_INFINITE_RECURSION = YES;
				CLANG_WARN_INT_CONVERSION = YES;
				CLANG_WARN_NON_LITERAL_NULL_CONVERSION = YES;
				CLANG_WARN_OBJC_IMPLICIT_RETAIN_SELF = YES;
				CLANG_WARN_OBJC_LITERAL_CONVERSION = YES;
				CLANG_WARN_OBJC_ROOT_CLASS = YES_ERROR;
				CLANG_WARN_QUOTED_INCLUDE_IN_FRAMEWORK_HEADER = YES;
				CLANG_WARN_RANGE_LOOP_ANALYSIS = YES;
				CLANG_WARN_STRICT_PROTOTYPES = YES;
				CLANG_WARN_SUSPICIOUS_MOVE = YES;
				CLANG_WARN_UNGUARDED_AVAILABILITY = YES_AGGRESSIVE;
				CLANG_WARN_UNREACHABLE_CODE = YES;
				CLANG_WARN__DUPLICATE_METHOD_MATCH = YES;
				COPY_PHASE_STRIP = NO;
				DEBUG_INFORMATION_FORMAT = "dwarf-with-dsym";
				ENABLE_NS_ASSERTIONS = NO;
				ENABLE_STRICT_OBJC_MSGSEND = YES;
				GCC_C_LANGUAGE_STANDARD = gnu11;
				GCC_NO_COMMON_BLOCKS = YES;
				GCC_WARN_64_TO_32_BIT_CONVERSION = YES;
				GCC_WARN_ABOUT_RETURN_TYPE = YES_ERROR;
				GCC_WARN_UNDECLARED_SELECTOR = YES;
				GCC_WARN_UNINITIALIZED_AUTOS = YES_AGGRESSIVE;
				GCC_WARN_UNUSED_FUNCTION = YES;
				GCC_WARN_UNUSED_VARIABLE = YES;
				IPHONEOS_DEPLOYMENT_TARGET = 15.4;
				MTL_ENABLE_DEBUG_INFO = NO;
				MTL_FAST_MATH = YES;
				SDKROOT = iphoneos;
				SWIFT_COMPILATION_MODE = wholemodule;
				SWIFT_OPTIMIZATION_LEVEL = "-O";
				VALIDATE_PRODUCT = YES;
			};
			name = Release;
		};
		FE9EFADC29B267E00042559B /* Debug */ = {
			isa = XCBuildConfiguration;
			buildSettings = {
				ASSETCATALOG_COMPILER_APPICON_NAME = AppIcon;
				ASSETCATALOG_COMPILER_GLOBAL_ACCENT_COLOR_NAME = AccentColor;
				CODE_SIGN_STYLE = Automatic;
				CURRENT_PROJECT_VERSION = 1;
				DEVELOPMENT_ASSET_PATHS = "\"airplane ground control/Preview Content\"";
				ENABLE_PREVIEWS = YES;
				GENERATE_INFOPLIST_FILE = YES;
				INFOPLIST_KEY_UIApplicationSceneManifest_Generation = YES;
				INFOPLIST_KEY_UIApplicationSupportsIndirectInputEvents = YES;
				INFOPLIST_KEY_UILaunchScreen_Generation = YES;
				INFOPLIST_KEY_UISupportedInterfaceOrientations_iPad = "UIInterfaceOrientationPortrait UIInterfaceOrientationPortraitUpsideDown UIInterfaceOrientationLandscapeLeft UIInterfaceOrientationLandscapeRight";
				INFOPLIST_KEY_UISupportedInterfaceOrientations_iPhone = "UIInterfaceOrientationPortrait UIInterfaceOrientationLandscapeLeft UIInterfaceOrientationLandscapeRight";
				IPHONEOS_DEPLOYMENT_TARGET = 15.0;
				LD_RUNPATH_SEARCH_PATHS = (
					"$(inherited)",
					"@executable_path/Frameworks",
				);
				MARKETING_VERSION = 1.0;
				PRODUCT_BUNDLE_IDENTIFIER = "ios.airplane-ground-control";
				PRODUCT_NAME = "$(TARGET_NAME)";
				SWIFT_EMIT_LOC_STRINGS = YES;
				SWIFT_VERSION = 5.0;
				TARGETED_DEVICE_FAMILY = "1,2";
			};
			name = Debug;
		};
		FE9EFADD29B267E00042559B /* Release */ = {
			isa = XCBuildConfiguration;
			buildSettings = {
				ASSETCATALOG_COMPILER_APPICON_NAME = AppIcon;
				ASSETCATALOG_COMPILER_GLOBAL_ACCENT_COLOR_NAME = AccentColor;
				CODE_SIGN_STYLE = Automatic;
				CURRENT_PROJECT_VERSION = 1;
				DEVELOPMENT_ASSET_PATHS = "\"airplane ground control/Preview Content\"";
				ENABLE_PREVIEWS = YES;
				GENERATE_INFOPLIST_FILE = YES;
				INFOPLIST_KEY_UIApplicationSceneManifest_Generation = YES;
				INFOPLIST_KEY_UIApplicationSupportsIndirectInputEvents = YES;
				INFOPLIST_KEY_UILaunchScreen_Generation = YES;
				INFOPLIST_KEY_UISupportedInterfaceOrientations_iPad = "UIInterfaceOrientationPortrait UIInterfaceOrientationPortraitUpsideDown UIInterfaceOrientationLandscapeLeft UIInterfaceOrientationLandscapeRight";
				INFOPLIST_KEY_UISupportedInterfaceOrientations_iPhone = "UIInterfaceOrientationPortrait UIInterfaceOrientationLandscapeLeft UIInterfaceOrientationLandscapeRight";
				IPHONEOS_DEPLOYMENT_TARGET = 15.0;
				LD_RUNPATH_SEARCH_PATHS = (
					"$(inherited)",
					"@executable_path/Frameworks",
				);
				MARKETING_VERSION = 1.0;
				PRODUCT_BUNDLE_IDENTIFIER = "ios.airplane-ground-control";
				PRODUCT_NAME = "$(TARGET_NAME)";
				SWIFT_EMIT_LOC_STRINGS = YES;
				SWIFT_VERSION = 5.0;
				TARGETED_DEVICE_FAMILY = "1,2";
			};
			name = Release;
		};
/* End XCBuildConfiguration section */

/* Begin XCConfigurationList section */
		FE9EFAC829B267DE0042559B /* Build configuration list for PBXProject "airplane ground control" */ = {
			isa = XCConfigurationList;
			buildConfigurations = (
				FE9EFAD929B267E00042559B /* Debug */,
				FE9EFADA29B267E00042559B /* Release */,
			);
			defaultConfigurationIsVisible = 0;
			defaultConfigurationName = Release;
		};
		FE9EFADB29B267E00042559B /* Build configuration list for PBXNativeTarget "airplane ground control" */ = {
			isa = XCConfigurationList;
			buildConfigurations = (
				FE9EFADC29B267E00042559B /* Debug */,
				FE9EFADD29B267E00042559B /* Release */,
			);
			defaultConfigurationIsVisible = 0;
			defaultConfigurationName = Release;
		};
/* End XCConfigurationList section */
	};
	rootObject = FE9EFAC529B267DE0042559B /* Project object */;
}
